
Microsoft Visual Studio Solution File, Format Version 12.00
# Visual Studio 2012
Project("{FAE04EC0-301F-11D3-BF4B-00C04F79EFBC}") = "great-data-expectations", "great-data-expectations\great-data-expectations.csproj", "{0D15651B-7D1F-4099-A54F-C9FEE4AEA59D}"
EndProject
Global
	GlobalSection(SolutionConfigurationPlatforms) = preSolution
		Debug|Any CPU = Debug|Any CPU
		Release|Any CPU = Release|Any CPU
	EndGlobalSection
	GlobalSection(ProjectConfigurationPlatforms) = postSolution
		{0D15651B-7D1F-4099-A54F-C9FEE4AEA59D}.Debug|Any CPU.ActiveCfg = Debug|Any CPU
		{0D15651B-7D1F-4099-A54F-C9FEE4AEA59D}.Debug|Any CPU.Build.0 = Debug|Any CPU
		{0D15651B-7D1F-4099-A54F-C9FEE4AEA59D}.Release|Any CPU.ActiveCfg = Release|Any CPU
		{0D15651B-7D1F-4099-A54F-C9FEE4AEA59D}.Release|Any CPU.Build.0 = Release|Any CPU
	EndGlobalSection
	GlobalSection(SolutionProperties) = preSolution
		HideSolutionNode = FALSE
	EndGlobalSection
EndGlobal
